// !$*UTF8*$!
{
	archiveVersion = 1;
	classes = {
	};
	objectVersion = 50;
	objects = {

/* Begin PBXBuildFile section */
		95F120692521A41700B776D7 /* AppDelegate.swift in Sources */ = {isa = PBXBuildFile; fileRef = 95F120682521A41700B776D7 /* AppDelegate.swift */; };
		95F1206B2521A41700B776D7 /* SceneDelegate.swift in Sources */ = {isa = PBXBuildFile; fileRef = 95F1206A2521A41700B776D7 /* SceneDelegate.swift */; };
		95F1206D2521A41700B776D7 /* ContentView.swift in Sources */ = {isa = PBXBuildFile; fileRef = 95F1206C2521A41700B776D7 /* ContentView.swift */; };
		95F1206F2521A41C00B776D7 /* Assets.xcassets in Resources */ = {isa = PBXBuildFile; fileRef = 95F1206E2521A41C00B776D7 /* Assets.xcassets */; };
		95F120722521A41C00B776D7 /* Preview Assets.xcassets in Resources */ = {isa = PBXBuildFile; fileRef = 95F120712521A41C00B776D7 /* Preview Assets.xcassets */; };
		95F120752521A41C00B776D7 /* LaunchScreen.storyboard in Resources */ = {isa = PBXBuildFile; fileRef = 95F120732521A41C00B776D7 /* LaunchScreen.storyboard */; };
		95F120802521A41C00B776D7 /* LinearAlgebraAppTests.swift in Sources */ = {isa = PBXBuildFile; fileRef = 95F1207F2521A41C00B776D7 /* LinearAlgebraAppTests.swift */; };
		95F1208B2521A41C00B776D7 /* LinearAlgebraAppUITests.swift in Sources */ = {isa = PBXBuildFile; fileRef = 95F1208A2521A41C00B776D7 /* LinearAlgebraAppUITests.swift */; };
/* End PBXBuildFile section */

/* Begin PBXContainerItemProxy section */
		95F1207C2521A41C00B776D7 /* PBXContainerItemProxy */ = {
			isa = PBXContainerItemProxy;
			containerPortal = 95F1205D2521A41700B776D7 /* Project object */;
			proxyType = 1;
			remoteGlobalIDString = 95F120642521A41700B776D7;
			remoteInfo = LinearAlgebraApp;
		};
		95F120872521A41C00B776D7 /* PBXContainerItemProxy */ = {
			isa = PBXContainerItemProxy;
			containerPortal = 95F1205D2521A41700B776D7 /* Project object */;
			proxyType = 1;
			remoteGlobalIDString = 95F120642521A41700B776D7;
			remoteInfo = LinearAlgebraApp;
		};
/* End PBXContainerItemProxy section */

/* Begin PBXFileReference section */
		95F120652521A41700B776D7 /* LinearAlgebraApp.app */ = {isa = PBXFileReference; explicitFileType = wrapper.application; includeInIndex = 0; path = LinearAlgebraApp.app; sourceTree = BUILT_PRODUCTS_DIR; };
		95F120682521A41700B776D7 /* AppDelegate.swift */ = {isa = PBXFileReference; lastKnownFileType = sourcecode.swift; path = AppDelegate.swift; sourceTree = "<group>"; };
		95F1206A2521A41700B776D7 /* SceneDelegate.swift */ = {isa = PBXFileReference; lastKnownFileType = sourcecode.swift; path = SceneDelegate.swift; sourceTree = "<group>"; };
		95F1206C2521A41700B776D7 /* ContentView.swift */ = {isa = PBXFileReference; lastKnownFileType = sourcecode.swift; path = ContentView.swift; sourceTree = "<group>"; };
		95F1206E2521A41C00B776D7 /* Assets.xcassets */ = {isa = PBXFileReference; lastKnownFileType = folder.assetcatalog; path = Assets.xcassets; sourceTree = "<group>"; };
		95F120712521A41C00B776D7 /* Preview Assets.xcassets */ = {isa = PBXFileReference; lastKnownFileType = folder.assetcatalog; path = "Preview Assets.xcassets"; sourceTree = "<group>"; };
		95F120742521A41C00B776D7 /* Base */ = {isa = PBXFileReference; lastKnownFileType = file.storyboard; name = Base; path = Base.lproj/LaunchScreen.storyboard; sourceTree = "<group>"; };
		95F120762521A41C00B776D7 /* Info.plist */ = {isa = PBXFileReference; lastKnownFileType = text.plist.xml; path = Info.plist; sourceTree = "<group>"; };
		95F1207B2521A41C00B776D7 /* LinearAlgebraAppTests.xctest */ = {isa = PBXFileReference; explicitFileType = wrapper.cfbundle; includeInIndex = 0; path = LinearAlgebraAppTests.xctest; sourceTree = BUILT_PRODUCTS_DIR; };
		95F1207F2521A41C00B776D7 /* LinearAlgebraAppTests.swift */ = {isa = PBXFileReference; lastKnownFileType = sourcecode.swift; path = LinearAlgebraAppTests.swift; sourceTree = "<group>"; };
		95F120812521A41C00B776D7 /* Info.plist */ = {isa = PBXFileReference; lastKnownFileType = text.plist.xml; path = Info.plist; sourceTree = "<group>"; };
		95F120862521A41C00B776D7 /* LinearAlgebraAppUITests.xctest */ = {isa = PBXFileReference; explicitFileType = wrapper.cfbundle; includeInIndex = 0; path = LinearAlgebraAppUITests.xctest; sourceTree = BUILT_PRODUCTS_DIR; };
		95F1208A2521A41C00B776D7 /* LinearAlgebraAppUITests.swift */ = {isa = PBXFileReference; lastKnownFileType = sourcecode.swift; path = LinearAlgebraAppUITests.swift; sourceTree = "<group>"; };
		95F1208C2521A41C00B776D7 /* Info.plist */ = {isa = PBXFileReference; lastKnownFileType = text.plist.xml; path = Info.plist; sourceTree = "<group>"; };
/* End PBXFileReference section */

/* Begin PBXFrameworksBuildPhase section */
		95F120622521A41700B776D7 /* Frameworks */ = {
			isa = PBXFrameworksBuildPhase;
			buildActionMask = 2147483647;
			files = (
			);
			runOnlyForDeploymentPostprocessing = 0;
		};
		95F120782521A41C00B776D7 /* Frameworks */ = {
			isa = PBXFrameworksBuildPhase;
			buildActionMask = 2147483647;
			files = (
			);
			runOnlyForDeploymentPostprocessing = 0;
		};
		95F120832521A41C00B776D7 /* Frameworks */ = {
			isa = PBXFrameworksBuildPhase;
			buildActionMask = 2147483647;
			files = (
			);
			runOnlyForDeploymentPostprocessing = 0;
		};
/* End PBXFrameworksBuildPhase section */

/* Begin PBXGroup section */
		95F1205C2521A41700B776D7 = {
			isa = PBXGroup;
			children = (
				95F120672521A41700B776D7 /* LinearAlgebraApp */,
				95F1207E2521A41C00B776D7 /* LinearAlgebraAppTests */,
				95F120892521A41C00B776D7 /* LinearAlgebraAppUITests */,
				95F120662521A41700B776D7 /* Products */,
			);
			sourceTree = "<group>";
		};
		95F120662521A41700B776D7 /* Products */ = {
			isa = PBXGroup;
			children = (
				95F120652521A41700B776D7 /* LinearAlgebraApp.app */,
				95F1207B2521A41C00B776D7 /* LinearAlgebraAppTests.xctest */,
				95F120862521A41C00B776D7 /* LinearAlgebraAppUITests.xctest */,
			);
			name = Products;
			sourceTree = "<group>";
		};
		95F120672521A41700B776D7 /* LinearAlgebraApp */ = {
			isa = PBXGroup;
			children = (
				95F120682521A41700B776D7 /* AppDelegate.swift */,
				95F1206A2521A41700B776D7 /* SceneDelegate.swift */,
				95F1206C2521A41700B776D7 /* ContentView.swift */,
				95F1206E2521A41C00B776D7 /* Assets.xcassets */,
				95F120732521A41C00B776D7 /* LaunchScreen.storyboard */,
				95F120762521A41C00B776D7 /* Info.plist */,
				95F120702521A41C00B776D7 /* Preview Content */,
			);
			path = LinearAlgebraApp;
			sourceTree = "<group>";
		};
		95F120702521A41C00B776D7 /* Preview Content */ = {
			isa = PBXGroup;
			children = (
				95F120712521A41C00B776D7 /* Preview Assets.xcassets */,
			);
			path = "Preview Content";
			sourceTree = "<group>";
		};
		95F1207E2521A41C00B776D7 /* LinearAlgebraAppTests */ = {
			isa = PBXGroup;
			children = (
				95F1207F2521A41C00B776D7 /* LinearAlgebraAppTests.swift */,
				95F120812521A41C00B776D7 /* Info.plist */,
			);
			path = LinearAlgebraAppTests;
			sourceTree = "<group>";
		};
		95F120892521A41C00B776D7 /* LinearAlgebraAppUITests */ = {
			isa = PBXGroup;
			children = (
				95F1208A2521A41C00B776D7 /* LinearAlgebraAppUITests.swift */,
				95F1208C2521A41C00B776D7 /* Info.plist */,
			);
			path = LinearAlgebraAppUITests;
			sourceTree = "<group>";
		};
/* End PBXGroup section */

/* Begin PBXNativeTarget section */
		95F120642521A41700B776D7 /* LinearAlgebraApp */ = {
			isa = PBXNativeTarget;
			buildConfigurationList = 95F1208F2521A41C00B776D7 /* Build configuration list for PBXNativeTarget "LinearAlgebraApp" */;
			buildPhases = (
				95F120612521A41700B776D7 /* Sources */,
				95F120622521A41700B776D7 /* Frameworks */,
				95F120632521A41700B776D7 /* Resources */,
			);
			buildRules = (
			);
			dependencies = (
			);
			name = LinearAlgebraApp;
			productName = LinearAlgebraApp;
			productReference = 95F120652521A41700B776D7 /* LinearAlgebraApp.app */;
			productType = "com.apple.product-type.application";
		};
		95F1207A2521A41C00B776D7 /* LinearAlgebraAppTests */ = {
			isa = PBXNativeTarget;
			buildConfigurationList = 95F120922521A41C00B776D7 /* Build configuration list for PBXNativeTarget "LinearAlgebraAppTests" */;
			buildPhases = (
				95F120772521A41C00B776D7 /* Sources */,
				95F120782521A41C00B776D7 /* Frameworks */,
				95F120792521A41C00B776D7 /* Resources */,
			);
			buildRules = (
			);
			dependencies = (
				95F1207D2521A41C00B776D7 /* PBXTargetDependency */,
			);
			name = LinearAlgebraAppTests;
			productName = LinearAlgebraAppTests;
			productReference = 95F1207B2521A41C00B776D7 /* LinearAlgebraAppTests.xctest */;
			productType = "com.apple.product-type.bundle.unit-test";
		};
		95F120852521A41C00B776D7 /* LinearAlgebraAppUITests */ = {
			isa = PBXNativeTarget;
			buildConfigurationList = 95F120952521A41C00B776D7 /* Build configuration list for PBXNativeTarget "LinearAlgebraAppUITests" */;
			buildPhases = (
				95F120822521A41C00B776D7 /* Sources */,
				95F120832521A41C00B776D7 /* Frameworks */,
				95F120842521A41C00B776D7 /* Resources */,
			);
			buildRules = (
			);
			dependencies = (
				95F120882521A41C00B776D7 /* PBXTargetDependency */,
			);
			name = LinearAlgebraAppUITests;
			productName = LinearAlgebraAppUITests;
			productReference = 95F120862521A41C00B776D7 /* LinearAlgebraAppUITests.xctest */;
			productType = "com.apple.product-type.bundle.ui-testing";
		};
/* End PBXNativeTarget section */

/* Begin PBXProject section */
		95F1205D2521A41700B776D7 /* Project object */ = {
			isa = PBXProject;
			attributes = {
				LastSwiftUpdateCheck = 1150;
				LastUpgradeCheck = 1150;
				ORGANIZATIONNAME = "Zhou Zhiyuan";
				TargetAttributes = {
					95F120642521A41700B776D7 = {
						CreatedOnToolsVersion = 11.5;
					};
					95F1207A2521A41C00B776D7 = {
						CreatedOnToolsVersion = 11.5;
						TestTargetID = 95F120642521A41700B776D7;
					};
					95F120852521A41C00B776D7 = {
						CreatedOnToolsVersion = 11.5;
						TestTargetID = 95F120642521A41700B776D7;
					};
				};
			};
			buildConfigurationList = 95F120602521A41700B776D7 /* Build configuration list for PBXProject "LinearAlgebraApp" */;
			compatibilityVersion = "Xcode 9.3";
			developmentRegion = en;
			hasScannedForEncodings = 0;
			knownRegions = (
				en,
				Base,
			);
			mainGroup = 95F1205C2521A41700B776D7;
			productRefGroup = 95F120662521A41700B776D7 /* Products */;
			projectDirPath = "";
			projectRoot = "";
			targets = (
				95F120642521A41700B776D7 /* LinearAlgebraApp */,
				95F1207A2521A41C00B776D7 /* LinearAlgebraAppTests */,
				95F120852521A41C00B776D7 /* LinearAlgebraAppUITests */,
			);
		};
/* End PBXProject section */

/* Begin PBXResourcesBuildPhase section */
		95F120632521A41700B776D7 /* Resources */ = {
			isa = PBXResourcesBuildPhase;
			buildActionMask = 2147483647;
			files = (
				95F120752521A41C00B776D7 /* LaunchScreen.storyboard in Resources */,
				95F120722521A41C00B776D7 /* Preview Assets.xcassets in Resources */,
				95F1206F2521A41C00B776D7 /* Assets.xcassets in Resources */,
			);
			runOnlyForDeploymentPostprocessing = 0;
		};
		95F120792521A41C00B776D7 /* Resources */ = {
			isa = PBXResourcesBuildPhase;
			buildActionMask = 2147483647;
			files = (
			);
			runOnlyForDeploymentPostprocessing = 0;
		};
		95F120842521A41C00B776D7 /* Resources */ = {
			isa = PBXResourcesBuildPhase;
			buildActionMask = 2147483647;
			files = (
			);
			runOnlyForDeploymentPostprocessing = 0;
		};
/* End PBXResourcesBuildPhase section */

/* Begin PBXSourcesBuildPhase section */
		95F120612521A41700B776D7 /* Sources */ = {
			isa = PBXSourcesBuildPhase;
			buildActionMask = 2147483647;
			files = (
				95F120692521A41700B776D7 /* AppDelegate.swift in Sources */,
				95F1206B2521A41700B776D7 /* SceneDelegate.swift in Sources */,
				95F1206D2521A41700B776D7 /* ContentView.swift in Sources */,
			);
			runOnlyForDeploymentPostprocessing = 0;
		};
		95F120772521A41C00B776D7 /* Sources */ = {
			isa = PBXSourcesBuildPhase;
			buildActionMask = 2147483647;
			files = (
				95F120802521A41C00B776D7 /* LinearAlgebraAppTests.swift in Sources */,
			);
			runOnlyForDeploymentPostprocessing = 0;
		};
		95F120822521A41C00B776D7 /* Sources */ = {
			isa = PBXSourcesBuildPhase;
			buildActionMask = 2147483647;
			files = (
				95F1208B2521A41C00B776D7 /* LinearAlgebraAppUITests.swift in Sources */,
			);
			runOnlyForDeploymentPostprocessing = 0;
		};
/* End PBXSourcesBuildPhase section */

/* Begin PBXTargetDependency section */
		95F1207D2521A41C00B776D7 /* PBXTargetDependency */ = {
			isa = PBXTargetDependency;
			target = 95F120642521A41700B776D7 /* LinearAlgebraApp */;
			targetProxy = 95F1207C2521A41C00B776D7 /* PBXContainerItemProxy */;
		};
		95F120882521A41C00B776D7 /* PBXTargetDependency */ = {
			isa = PBXTargetDependency;
			target = 95F120642521A41700B776D7 /* LinearAlgebraApp */;
			targetProxy = 95F120872521A41C00B776D7 /* PBXContainerItemProxy */;
		};
/* End PBXTargetDependency section */

/* Begin PBXVariantGroup section */
		95F120732521A41C00B776D7 /* LaunchScreen.storyboard */ = {
			isa = PBXVariantGroup;
			children = (
				95F120742521A41C00B776D7 /* Base */,
			);
			name = LaunchScreen.storyboard;
			sourceTree = "<group>";
		};
/* End PBXVariantGroup section */

/* Begin XCBuildConfiguration section */
		95F1208D2521A41C00B776D7 /* Debug */ = {
			isa = XCBuildConfiguration;
			buildSettings = {
				ALWAYS_SEARCH_USER_PATHS = NO;
				CLANG_ANALYZER_NONNULL = YES;
				CLANG_ANALYZER_NUMBER_OBJECT_CONVERSION = YES_AGGRESSIVE;
				CLANG_CXX_LANGUAGE_STANDARD = "gnu++14";
				CLANG_CXX_LIBRARY = "libc++";
				CLANG_ENABLE_MODULES = YES;
				CLANG_ENABLE_OBJC_ARC = YES;
				CLANG_ENABLE_OBJC_WEAK = YES;
				CLANG_WARN_BLOCK_CAPTURE_AUTORELEASING = YES;
				CLANG_WARN_BOOL_CONVERSION = YES;
				CLANG_WARN_COMMA = YES;
				CLANG_WARN_CONSTANT_CONVERSION = YES;
				CLANG_WARN_DEPRECATED_OBJC_IMPLEMENTATIONS = YES;
				CLANG_WARN_DIRECT_OBJC_ISA_USAGE = YES_ERROR;
				CLANG_WARN_DOCUMENTATION_COMMENTS = YES;
				CLANG_WARN_EMPTY_BODY = YES;
				CLANG_WARN_ENUM_CONVERSION = YES;
				CLANG_WARN_INFINITE_RECURSION = YES;
				CLANG_WARN_INT_CONVERSION = YES;
				CLANG_WARN_NON_LITERAL_NULL_CONVERSION = YES;
				CLANG_WARN_OBJC_IMPLICIT_RETAIN_SELF = YES;
				CLANG_WARN_OBJC_LITERAL_CONVERSION = YES;
				CLANG_WARN_OBJC_ROOT_CLASS = YES_ERROR;
				CLANG_WARN_RANGE_LOOP_ANALYSIS = YES;
				CLANG_WARN_STRICT_PROTOTYPES = YES;
				CLANG_WARN_SUSPICIOUS_MOVE = YES;
				CLANG_WARN_UNGUARDED_AVAILABILITY = YES_AGGRESSIVE;
				CLANG_WARN_UNREACHABLE_CODE = YES;
				CLANG_WARN__DUPLICATE_METHOD_MATCH = YES;
				COPY_PHASE_STRIP = NO;
				DEBUG_INFORMATION_FORMAT = dwarf;
				ENABLE_STRICT_OBJC_MSGSEND = YES;
				ENABLE_TESTABILITY = YES;
				GCC_C_LANGUAGE_STANDARD = gnu11;
				GCC_DYNAMIC_NO_PIC = NO;
				GCC_NO_COMMON_BLOCKS = YES;
				GCC_OPTIMIZATION_LEVEL = 0;
				GCC_PREPROCESSOR_DEFINITIONS = (
					"DEBUG=1",
					"$(inherited)",
				);
				GCC_WARN_64_TO_32_BIT_CONVERSION = YES;
				GCC_WARN_ABOUT_RETURN_TYPE = YES_ERROR;
				GCC_WARN_UNDECLARED_SELECTOR = YES;
				GCC_WARN_UNINITIALIZED_AUTOS = YES_AGGRESSIVE;
				GCC_WARN_UNUSED_FUNCTION = YES;
				GCC_WARN_UNUSED_VARIABLE = YES;
				IPHONEOS_DEPLOYMENT_TARGET = 13.5;
				MTL_ENABLE_DEBUG_INFO = INCLUDE_SOURCE;
				MTL_FAST_MATH = YES;
				ONLY_ACTIVE_ARCH = YES;
				SDKROOT = iphoneos;
				SWIFT_ACTIVE_COMPILATION_CONDITIONS = DEBUG;
				SWIFT_OPTIMIZATION_LEVEL = "-Onone";
			};
			name = Debug;
		};
		95F1208E2521A41C00B776D7 /* Release */ = {
			isa = XCBuildConfiguration;
			buildSettings = {
				ALWAYS_SEARCH_USER_PATHS = NO;
				CLANG_ANALYZER_NONNULL = YES;
				CLANG_ANALYZER_NUMBER_OBJECT_CONVERSION = YES_AGGRESSIVE;
				CLANG_CXX_LANGUAGE_STANDARD = "gnu++14";
				CLANG_CXX_LIBRARY = "libc++";
				CLANG_ENABLE_MODULES = YES;
				CLANG_ENABLE_OBJC_ARC = YES;
				CLANG_ENABLE_OBJC_WEAK = YES;
				CLANG_WARN_BLOCK_CAPTURE_AUTORELEASING = YES;
				CLANG_WARN_BOOL_CONVERSION = YES;
				CLANG_WARN_COMMA = YES;
				CLANG_WARN_CONSTANT_CONVERSION = YES;
				CLANG_WARN_DEPRECATED_OBJC_IMPLEMENTATIONS = YES;
				CLANG_WARN_DIRECT_OBJC_ISA_USAGE = YES_ERROR;
				CLANG_WARN_DOCUMENTATION_COMMENTS = YES;
				CLANG_WARN_EMPTY_BODY = YES;
				CLANG_WARN_ENUM_CONVERSION = YES;
				CLANG_WARN_INFINITE_RECURSION = YES;
				CLANG_WARN_INT_CONVERSION = YES;
				CLANG_WARN_NON_LITERAL_NULL_CONVERSION = YES;
				CLANG_WARN_OBJC_IMPLICIT_RETAIN_SELF = YES;
				CLANG_WARN_OBJC_LITERAL_CONVERSION = YES;
				CLANG_WARN_OBJC_ROOT_CLASS = YES_ERROR;
				CLANG_WARN_RANGE_LOOP_ANALYSIS = YES;
				CLANG_WARN_STRICT_PROTOTYPES = YES;
				CLANG_WARN_SUSPICIOUS_MOVE = YES;
				CLANG_WARN_UNGUARDED_AVAILABILITY = YES_AGGRESSIVE;
				CLANG_WARN_UNREACHABLE_CODE = YES;
				CLANG_WARN__DUPLICATE_METHOD_MATCH = YES;
				COPY_PHASE_STRIP = NO;
				DEBUG_INFORMATION_FORMAT = "dwarf-with-dsym";
				ENABLE_NS_ASSERTIONS = NO;
				ENABLE_STRICT_OBJC_MSGSEND = YES;
				GCC_C_LANGUAGE_STANDARD = gnu11;
				GCC_NO_COMMON_BLOCKS = YES;
				GCC_WARN_64_TO_32_BIT_CONVERSION = YES;
				GCC_WARN_ABOUT_RETURN_TYPE = YES_ERROR;
				GCC_WARN_UNDECLARED_SELECTOR = YES;
				GCC_WARN_UNINITIALIZED_AUTOS = YES_AGGRESSIVE;
				GCC_WARN_UNUSED_FUNCTION = YES;
				GCC_WARN_UNUSED_VARIABLE = YES;
				IPHONEOS_DEPLOYMENT_TARGET = 13.5;
				MTL_ENABLE_DEBUG_INFO = NO;
				MTL_FAST_MATH = YES;
				SDKROOT = iphoneos;
				SWIFT_COMPILATION_MODE = wholemodule;
				SWIFT_OPTIMIZATION_LEVEL = "-O";
				VALIDATE_PRODUCT = YES;
			};
			name = Release;
		};
		95F120902521A41C00B776D7 /* Debug */ = {
			isa = XCBuildConfiguration;
			buildSettings = {
				ASSETCATALOG_COMPILER_APPICON_NAME = AppIcon;
				CODE_SIGN_STYLE = Automatic;
				DEVELOPMENT_ASSET_PATHS = "\"LinearAlgebraApp/Preview Content\"";
				DEVELOPMENT_TEAM = 25P7GZH6FV;
				ENABLE_PREVIEWS = YES;
				INFOPLIST_FILE = LinearAlgebraApp/Info.plist;
				LD_RUNPATH_SEARCH_PATHS = (
					"$(inherited)",
					"@executable_path/Frameworks",
				);
				PRODUCT_BUNDLE_IDENTIFIER = classroomM.LinearAlgebraApp;
				PRODUCT_NAME = "$(TARGET_NAME)";
				SWIFT_VERSION = 5.0;
				TARGETED_DEVICE_FAMILY = "1,2";
			};
			name = Debug;
		};
		95F120912521A41C00B776D7 /* Release */ = {
			isa = XCBuildConfiguration;
			buildSettings = {
				ASSETCATALOG_COMPILER_APPICON_NAME = AppIcon;
				CODE_SIGN_STYLE = Automatic;
				DEVELOPMENT_ASSET_PATHS = "\"LinearAlgebraApp/Preview Content\"";
				DEVELOPMENT_TEAM = 25P7GZH6FV;
				ENABLE_PREVIEWS = YES;
				INFOPLIST_FILE = LinearAlgebraApp/Info.plist;
				LD_RUNPATH_SEARCH_PATHS = (
					"$(inherited)",
					"@executable_path/Frameworks",
				);
				PRODUCT_BUNDLE_IDENTIFIER = classroomM.LinearAlgebraApp;
				PRODUCT_NAME = "$(TARGET_NAME)";
				SWIFT_VERSION = 5.0;
				TARGETED_DEVICE_FAMILY = "1,2";
			};
			name = Release;
		};
		95F120932521A41C00B776D7 /* Debug */ = {
			isa = XCBuildConfiguration;
			buildSettings = {
				ALWAYS_EMBED_SWIFT_STANDARD_LIBRARIES = YES;
				BUNDLE_LOADER = "$(TEST_HOST)";
				CODE_SIGN_STYLE = Automatic;
				DEVELOPMENT_TEAM = 25P7GZH6FV;
				INFOPLIST_FILE = LinearAlgebraAppTests/Info.plist;
				IPHONEOS_DEPLOYMENT_TARGET = 13.5;
				LD_RUNPATH_SEARCH_PATHS = (
					"$(inherited)",
					"@executable_path/Frameworks",
					"@loader_path/Frameworks",
				);
				PRODUCT_BUNDLE_IDENTIFIER = classroomM.LinearAlgebraAppTests;
				PRODUCT_NAME = "$(TARGET_NAME)";
				SWIFT_VERSION = 5.0;
				TARGETED_DEVICE_FAMILY = "1,2";
				TEST_HOST = "$(BUILT_PRODUCTS_DIR)/LinearAlgebraApp.app/LinearAlgebraApp";
			};
			name = Debug;
		};
		95F120942521A41C00B776D7 /* Release */ = {
			isa = XCBuildConfiguration;
			buildSettings = {
				ALWAYS_EMBED_SWIFT_STANDARD_LIBRARIES = YES;
				BUNDLE_LOADER = "$(TEST_HOST)";
				CODE_SIGN_STYLE = Automatic;
				DEVELOPMENT_TEAM = 25P7GZH6FV;
				INFOPLIST_FILE = LinearAlgebraAppTests/Info.plist;
				IPHONEOS_DEPLOYMENT_TARGET = 13.5;
				LD_RUNPATH_SEARCH_PATHS = (
					"$(inherited)",
					"@executable_path/Frameworks",
					"@loader_path/Frameworks",
				);
				PRODUCT_BUNDLE_IDENTIFIER = classroomM.LinearAlgebraAppTests;
				PRODUCT_NAME = "$(TARGET_NAME)";
				SWIFT_VERSION = 5.0;
				TARGETED_DEVICE_FAMILY = "1,2";
				TEST_HOST = "$(BUILT_PRODUCTS_DIR)/LinearAlgebraApp.app/LinearAlgebraApp";
			};
			name = Release;
		};
		95F120962521A41C00B776D7 /* Debug */ = {
			isa = XCBuildConfiguration;
			buildSettings = {
				ALWAYS_EMBED_SWIFT_STANDARD_LIBRARIES = YES;
				CODE_SIGN_STYLE = Automatic;
				DEVELOPMENT_TEAM = 25P7GZH6FV;
				INFOPLIST_FILE = LinearAlgebraAppUITests/Info.plist;
				LD_RUNPATH_SEARCH_PATHS = (
					"$(inherited)",
					"@executable_path/Frameworks",
					"@loader_path/Frameworks",
				);
				PRODUCT_BUNDLE_IDENTIFIER = classroomM.LinearAlgebraAppUITests;
				PRODUCT_NAME = "$(TARGET_NAME)";
				SWIFT_VERSION = 5.0;
				TARGETED_DEVICE_FAMILY = "1,2";
				TEST_TARGET_NAME = LinearAlgebraApp;
			};
			name = Debug;
		};
		95F120972521A41C00B776D7 /* Release */ = {
			isa = XCBuildConfiguration;
			buildSettings = {
				ALWAYS_EMBED_SWIFT_STANDARD_LIBRARIES = YES;
				CODE_SIGN_STYLE = Automatic;
				DEVELOPMENT_TEAM = 25P7GZH6FV;
				INFOPLIST_FILE = LinearAlgebraAppUITests/Info.plist;
				LD_RUNPATH_SEARCH_PATHS = (
					"$(inherited)",
					"@executable_path/Frameworks",
					"@loader_path/Frameworks",
				);
				PRODUCT_BUNDLE_IDENTIFIER = classroomM.LinearAlgebraAppUITests;
				PRODUCT_NAME = "$(TARGET_NAME)";
				SWIFT_VERSION = 5.0;
				TARGETED_DEVICE_FAMILY = "1,2";
				TEST_TARGET_NAME = LinearAlgebraApp;
			};
			name = Release;
		};
/* End XCBuildConfiguration section */

/* Begin XCConfigurationList section */
		95F120602521A41700B776D7 /* Build configuration list for PBXProject "LinearAlgebraApp" */ = {
			isa = XCConfigurationList;
			buildConfigurations = (
				95F1208D2521A41C00B776D7 /* Debug */,
				95F1208E2521A41C00B776D7 /* Release */,
			);
			defaultConfigurationIsVisible = 0;
			defaultConfigurationName = Release;
		};
		95F1208F2521A41C00B776D7 /* Build configuration list for PBXNativeTarget "LinearAlgebraApp" */ = {
			isa = XCConfigurationList;
			buildConfigurations = (
				95F120902521A41C00B776D7 /* Debug */,
				95F120912521A41C00B776D7 /* Release */,
			);
			defaultConfigurationIsVisible = 0;
			defaultConfigurationName = Release;
		};
		95F120922521A41C00B776D7 /* Build configuration list for PBXNativeTarget "LinearAlgebraAppTests" */ = {
			isa = XCConfigurationList;
			buildConfigurations = (
				95F120932521A41C00B776D7 /* Debug */,
				95F120942521A41C00B776D7 /* Release */,
			);
			defaultConfigurationIsVisible = 0;
			defaultConfigurationName = Release;
		};
		95F120952521A41C00B776D7 /* Build configuration list for PBXNativeTarget "LinearAlgebraAppUITests" */ = {
			isa = XCConfigurationList;
			buildConfigurations = (
				95F120962521A41C00B776D7 /* Debug */,
				95F120972521A41C00B776D7 /* Release */,
			);
			defaultConfigurationIsVisible = 0;
			defaultConfigurationName = Release;
		};
/* End XCConfigurationList section */
	};
	rootObject = 95F1205D2521A41700B776D7 /* Project object */;
}
